// !$*UTF8*$!
{
	archiveVersion = 1;
	classes = {
	};
	objectVersion = 77;
	objects = {

/* Begin PBXBuildFile section */
		03CBBD0AF52DA3259CCA59D2 /* WebFetchService.swift in Sources */ = {isa = PBXBuildFile; fileRef = 2B5F057E1594CDDB8C4D0293 /* WebFetchService.swift */; };
		1024A26EC417D71BDF9632EE /* FileSystemPlugin.swift in Sources */ = {isa = PBXBuildFile; fileRef = 3D840D2EA9136B089B1E2903 /* FileSystemPlugin.swift */; };
		157BFBF72A2B850E6A5D832E /* APIMessageEncodingTests.swift in Sources */ = {isa = PBXBuildFile; fileRef = BC320742E69744CF3BEC9972 /* APIMessageEncodingTests.swift */; };
		1642E88F49621293AC8EC307 /* SettingsStore.swift in Sources */ = {isa = PBXBuildFile; fileRef = 3F8C8F50D0B29A8A7443C454 /* SettingsStore.swift */; };
		179D0FFC87BE441AAC14AFFD /* CExtPluginManager.swift in Sources */ = {isa = PBXBuildFile; fileRef = 87F036A16CF5AE6B700305D3 /* CExtPluginManager.swift */; };
		17E6FDC95EBBCC13F2106A07 /* MCPSettingsView.swift in Sources */ = {isa = PBXBuildFile; fileRef = DAEE40518E4F65DA4E50E674 /* MCPSettingsView.swift */; };
		1D92D9F9B34EBFEE478B0A29 /* CopilotChatApp.swift in Sources */ = {isa = PBXBuildFile; fileRef = A877976EB8149831636E8E06 /* CopilotChatApp.swift */; };
		1DBD301D1C4E8B5482A3CD64 /* WorkspaceSelectorView.swift in Sources */ = {isa = PBXBuildFile; fileRef = 1A087A7775242FEFB3318278 /* WorkspaceSelectorView.swift */; };
		1F4D2D80A387D2351AA7C3AD /* ModelTagsView.swift in Sources */ = {isa = PBXBuildFile; fileRef = 9A517FDA19A91D5B107BCC47 /* ModelTagsView.swift */; };
		2172D58D819B5A91FCB3527F /* CheckoutStrategy.swift in Sources */ = {isa = PBXBuildFile; fileRef = 4F11B4745E5C93970BAB0EA7 /* CheckoutStrategy.swift */; };
		245E035ACB480E48764C62A4 /* ContentView.swift in Sources */ = {isa = PBXBuildFile; fileRef = 73E1C308EAC55AC71B9FE65D /* ContentView.swift */; };
		2C303CE1B8E56BEAF2FC2AC6 /* ConversationStore.swift in Sources */ = {isa = PBXBuildFile; fileRef = B7156A2F3FCF640CE82D1D4D /* ConversationStore.swift */; };
		2C48A6DEC2188C3164DC88A9 /* TaskPlugin.swift in Sources */ = {isa = PBXBuildFile; fileRef = B60890F12915084AD112F001 /* TaskPlugin.swift */; };
		366FB1F9BC38A7EECD186BA1 /* ModelPickerView.swift in Sources */ = {isa = PBXBuildFile; fileRef = 5552AFC87E5FCBAE9ACE1C4A /* ModelPickerView.swift */; };
		39B88A87E206620E3EA75C96 /* TaskMessageView.swift in Sources */ = {isa = PBXBuildFile; fileRef = 09664D58BE3F84345305EEDF /* TaskMessageView.swift */; };
		3A7CBD6D5069979F87F90198 /* ModelsDev.swift in Sources */ = {isa = PBXBuildFile; fileRef = 7889ED90D905FCAACE8C8B63 /* ModelsDev.swift */; };
		4098B84317D4DD4B68603389 /* Pointers.swift in Sources */ = {isa = PBXBuildFile; fileRef = C62A4EE563BA063727BD3358 /* Pointers.swift */; };
		42CA95BDD38E711D68B09C26 /* CExtPlugin.swift in Sources */ = {isa = PBXBuildFile; fileRef = 1779C9901FB3A2DA63DE4C80 /* CExtPlugin.swift */; };
		5308035D2EF7B4053EEFE38C /* DesignSystem.swift in Sources */ = {isa = PBXBuildFile; fileRef = 0E4C54DF2D9B605822055885 /* DesignSystem.swift */; };
		5F9CD7CB0B08475879A1EF5C /* PluginSystem.swift in Sources */ = {isa = PBXBuildFile; fileRef = 96FBE408B7A6CF04BC50D1A0 /* PluginSystem.swift */; };
		618203C783472CF073B70DBA /* ChatView.swift in Sources */ = {isa = PBXBuildFile; fileRef = EDE8D6B39D4CE3CC02F64DC5 /* ChatView.swift */; };
		667A6D684FF61468C6F0903C /* AuthManager.swift in Sources */ = {isa = PBXBuildFile; fileRef = BB3BB21C2425B2EC03EF63DA /* AuthManager.swift */; };
		697D8324FDD2F308CDCCE128 /* CopilotProvider.swift in Sources */ = {isa = PBXBuildFile; fileRef = 68CE6C1174A8CE1BE36D82DC /* CopilotProvider.swift */; };
		6C543946749F610AEFF911FB /* Repository.swift in Sources */ = {isa = PBXBuildFile; fileRef = B0940E2105768196D8EDEAA4 /* Repository.swift */; };
		6D7281536891819B22222881 /* InlineMarkdownText.swift in Sources */ = {isa = PBXBuildFile; fileRef = 6BCA1ABF6355F286581ED29D /* InlineMarkdownText.swift */; };
		6DE0A934AAB7EA289796F680 /* AugmentProvider.swift in Sources */ = {isa = PBXBuildFile; fileRef = F16905024963E4B56A1A1AD6 /* AugmentProvider.swift */; };
		71CA60AEAD628A8AAF4E3B18 /* CodexPlugin.swift in Sources */ = {isa = PBXBuildFile; fileRef = FA9F69842DB8F0CFA801E58B /* CodexPlugin.swift */; };
		7428DAB3E58F070AE15DC483 /* AnthropicCompatibleProvider.swift in Sources */ = {isa = PBXBuildFile; fileRef = 8A7952ABDE829166129173B6 /* AnthropicCompatibleProvider.swift */; };
		780C1E6B6A3D696CB6882F87 /* CopilotService.swift in Sources */ = {isa = PBXBuildFile; fileRef = D4D6D250CD46F217D156DA5E /* CopilotService.swift */; };
		798090EBA4EE822753024570 /* LLMProvider.swift in Sources */ = {isa = PBXBuildFile; fileRef = 85E7A0731D3332AC0E687019 /* LLMProvider.swift */; };
		7A5788E6C0DF6957CE0E190A /* OID.swift in Sources */ = {isa = PBXBuildFile; fileRef = A349FCA895BE3F90E15E9FC2 /* OID.swift */; };
		7ABC55784E0EBBF9AFFB150B /* Assets.xcassets in Resources */ = {isa = PBXBuildFile; fileRef = A7B782DFE064DC7FD97C4A83 /* Assets.xcassets */; };
		7B21943225C6E8C7382E9DC4 /* BuildAPIMessagesTests.swift in Sources */ = {isa = PBXBuildFile; fileRef = 0E27429D563A6EF3071A17A0 /* BuildAPIMessagesTests.swift */; };
		7E8EF459F2E1EC13FDC76506 /* CommitIterator.swift in Sources */ = {isa = PBXBuildFile; fileRef = 6E2CF0071C7693B6CD6264B4 /* CommitIterator.swift */; };
		7F60716EF05D8ECC845214A9 /* Credentials.swift in Sources */ = {isa = PBXBuildFile; fileRef = 67240B30469D6484EEF2634F /* Credentials.swift */; };
		82EA680B0A0A23D8DCE40446 /* KeychainHelper.swift in Sources */ = {isa = PBXBuildFile; fileRef = 6F9FAE980CC6C7D80EA66144 /* KeychainHelper.swift */; };
		950435E7A28E106814422C1A /* ChatModelsTests.swift in Sources */ = {isa = PBXBuildFile; fileRef = 7FD38A96474027CB84715BBB /* ChatModelsTests.swift */; };
		9594396D7C49C3E8523AA1DC /* MarkdownParserTests.swift in Sources */ = {isa = PBXBuildFile; fileRef = E727D66DA592BDBB40BFE139 /* MarkdownParserTests.swift */; };
		9E7C959C42469CB554361ECD /* SSEParser.swift in Sources */ = {isa = PBXBuildFile; fileRef = B227DEC32A2814C3394FAE76 /* SSEParser.swift */; };
		A0085F026C04E57011AACD5E /* GitHubPlugin.swift in Sources */ = {isa = PBXBuildFile; fileRef = D3D53A8C8EF2A56D9D60B5EE /* GitHubPlugin.swift */; };
		A9666FCA126D95072BF68F32 /* CExtPluginsView.swift in Sources */ = {isa = PBXBuildFile; fileRef = 9DBB39AB40216F734E2CA921 /* CExtPluginsView.swift */; };
		B2DD56439D17597566AEB528 /* TaskSessionTracker.swift in Sources */ = {isa = PBXBuildFile; fileRef = E56B5E40897A32B6ECAA3C45 /* TaskSessionTracker.swift */; };
		B9ABB2CF6F8B94253655D35C /* MessageView.swift in Sources */ = {isa = PBXBuildFile; fileRef = B96E5A9BE12959957495FCCA /* MessageView.swift */; };
		BDE2ED665348FE70F1164F8A /* Diffs.swift in Sources */ = {isa = PBXBuildFile; fileRef = 538FEDAA63DF405FF22CE701 /* Diffs.swift */; };
		C0EB0BE2107A048AE2457395 /* AgentConfig.swift in Sources */ = {isa = PBXBuildFile; fileRef = 10F4C84C35E01FB46BEE9B08 /* AgentConfig.swift */; };
		C24AEDC6C6204807C7E4FF35 /* ConversationHistoryView.swift in Sources */ = {isa = PBXBuildFile; fileRef = 095D95CCFBFE3A4CB52AED3A /* ConversationHistoryView.swift */; };
		CE39153358114C150B561007 /* MarkdownView.swift in Sources */ = {isa = PBXBuildFile; fileRef = 209BCAEE6572124412782E61 /* MarkdownView.swift */; };
		D1E9BB44D1210C75CD6D0AF9 /* SettingsView.swift in Sources */ = {isa = PBXBuildFile; fileRef = C2B7AC6BD497F71C56B82001 /* SettingsView.swift */; };
		D631677E396471A006024665 /* ToolCallStatusTests.swift in Sources */ = {isa = PBXBuildFile; fileRef = 86E94735DB084C36F9B3178D /* ToolCallStatusTests.swift */; };
		D65AF1D9753361A5FB690673 /* Clibgit2.xcframework in Frameworks */ = {isa = PBXBuildFile; fileRef = 9AC5C1840FB744B51475DEFD /* Clibgit2.xcframework */; };
		DD1D72BC648A6F3F81A1EBB7 /* ProviderRegistry.swift in Sources */ = {isa = PBXBuildFile; fileRef = 9FE7490261874DF05CB228CF /* ProviderRegistry.swift */; };
		DEB7B83E6DC8A93E721EC21A /* MCPClient.swift in Sources */ = {isa = PBXBuildFile; fileRef = 0360B8A2EA009CB9636C0D4D /* MCPClient.swift */; };
		DFBCDAD65923770B0830E4F0 /* Libgit2.swift in Sources */ = {isa = PBXBuildFile; fileRef = E183CCC2F4AE46B701DD0536 /* Libgit2.swift */; };
		E2D491C5FBE72EB9683252E8 /* OpenAICompatibleProvider.swift in Sources */ = {isa = PBXBuildFile; fileRef = 440A37F7E09FA9A23C5758FB /* OpenAICompatibleProvider.swift */; };
		E3CEAAA1D21E395FC02A2BCD /* ReviewMode.swift in Sources */ = {isa = PBXBuildFile; fileRef = CEEA87281A47EA22159BFB8A /* ReviewMode.swift */; };
		E5022B4252945F09429065CF /* JavaScriptCorePluginLoader.swift in Sources */ = {isa = PBXBuildFile; fileRef = 3B21F14A4DE004C4BC6248B2 /* JavaScriptCorePluginLoader.swift */; };
		E9C20318D8E51809387FC5A7 /* OpenAICodexProvider.swift in Sources */ = {isa = PBXBuildFile; fileRef = 37F4264FC897CA031C3160B9 /* OpenAICodexProvider.swift */; };
		EA3C282ACEB8A7A6BFB95642 /* ProviderTransform.swift in Sources */ = {isa = PBXBuildFile; fileRef = 78FE0F4446B914463ED0FC30 /* ProviderTransform.swift */; };
		ECF63E50B10ECC6E57BEB873 /* Conversation.swift in Sources */ = {isa = PBXBuildFile; fileRef = 80321460D59EA7CCC12B17C1 /* Conversation.swift */; };
		EF83E62B8ED6D8B7D4E656BB /* References.swift in Sources */ = {isa = PBXBuildFile; fileRef = BF1BB49A887E060D095005E8 /* References.swift */; };
		F1383FDA2BBEFC15D327A766 /* Objects.swift in Sources */ = {isa = PBXBuildFile; fileRef = 7717B3F4A99386637471F3CE /* Objects.swift */; };
		F5BCCA22632FE40F5BE33602 /* ChatModels.swift in Sources */ = {isa = PBXBuildFile; fileRef = 16DB1EC5909ACF0B5B392F63 /* ChatModels.swift */; };
		F7449ACD98E7665F63A6EE36 /* GeminiProvider.swift in Sources */ = {isa = PBXBuildFile; fileRef = 48053902E27A9A12DCC0ADE3 /* GeminiProvider.swift */; };
		F962D6714DBDCCF5C4D75661 /* Remotes.swift in Sources */ = {isa = PBXBuildFile; fileRef = BA03BAA5F84B352A026DF189 /* Remotes.swift */; };
		FA026C0E877A125F2A4B0B4F /* MarkdownParser.swift in Sources */ = {isa = PBXBuildFile; fileRef = 4DC0848F789894EADCC4F3EC /* MarkdownParser.swift */; };
		FCCD3159C874432F9A388E2A /* Errors.swift in Sources */ = {isa = PBXBuildFile; fileRef = F10C45584AE57D7B8B18535A /* Errors.swift */; };
/* End PBXBuildFile section */

/* Begin PBXContainerItemProxy section */
		4A6CF1E2429669122F9C5AC3 /* PBXContainerItemProxy */ = {
			isa = PBXContainerItemProxy;
			containerPortal = DB271B040BE3207C810189B0 /* Project object */;
			proxyType = 1;
			remoteGlobalIDString = 725090D1D39FE54630979995;
			remoteInfo = CopilotChat;
		};
/* End PBXContainerItemProxy section */

/* Begin PBXFileReference section */
		0360B8A2EA009CB9636C0D4D /* MCPClient.swift */ = {isa = PBXFileReference; lastKnownFileType = sourcecode.swift; path = MCPClient.swift; sourceTree = "<group>"; };
		095D95CCFBFE3A4CB52AED3A /* ConversationHistoryView.swift */ = {isa = PBXFileReference; lastKnownFileType = sourcecode.swift; path = ConversationHistoryView.swift; sourceTree = "<group>"; };
		09664D58BE3F84345305EEDF /* TaskMessageView.swift */ = {isa = PBXFileReference; lastKnownFileType = sourcecode.swift; path = TaskMessageView.swift; sourceTree = "<group>"; };
		0E27429D563A6EF3071A17A0 /* BuildAPIMessagesTests.swift */ = {isa = PBXFileReference; lastKnownFileType = sourcecode.swift; path = BuildAPIMessagesTests.swift; sourceTree = "<group>"; };
		0E4C54DF2D9B605822055885 /* DesignSystem.swift */ = {isa = PBXFileReference; lastKnownFileType = sourcecode.swift; path = DesignSystem.swift; sourceTree = "<group>"; };
		0E94D5F865D2408864A2AF3C /* CopilotChat.entitlements */ = {isa = PBXFileReference; lastKnownFileType = text.plist.entitlements; path = CopilotChat.entitlements; sourceTree = "<group>"; };
		10F4C84C35E01FB46BEE9B08 /* AgentConfig.swift */ = {isa = PBXFileReference; lastKnownFileType = sourcecode.swift; path = AgentConfig.swift; sourceTree = "<group>"; };
		16DB1EC5909ACF0B5B392F63 /* ChatModels.swift */ = {isa = PBXFileReference; lastKnownFileType = sourcecode.swift; path = ChatModels.swift; sourceTree = "<group>"; };
		1779C9901FB3A2DA63DE4C80 /* CExtPlugin.swift */ = {isa = PBXFileReference; lastKnownFileType = sourcecode.swift; path = CExtPlugin.swift; sourceTree = "<group>"; };
		1A087A7775242FEFB3318278 /* WorkspaceSelectorView.swift */ = {isa = PBXFileReference; lastKnownFileType = sourcecode.swift; path = WorkspaceSelectorView.swift; sourceTree = "<group>"; };
		1F8D008BBFD2D4C734E8D385 /* CopilotChatTests.xctest */ = {isa = PBXFileReference; includeInIndex = 0; lastKnownFileType = wrapper.cfbundle; path = CopilotChatTests.xctest; sourceTree = BUILT_PRODUCTS_DIR; };
		209BCAEE6572124412782E61 /* MarkdownView.swift */ = {isa = PBXFileReference; lastKnownFileType = sourcecode.swift; path = MarkdownView.swift; sourceTree = "<group>"; };
		2B5F057E1594CDDB8C4D0293 /* WebFetchService.swift */ = {isa = PBXFileReference; lastKnownFileType = sourcecode.swift; path = WebFetchService.swift; sourceTree = "<group>"; };
		37F4264FC897CA031C3160B9 /* OpenAICodexProvider.swift */ = {isa = PBXFileReference; lastKnownFileType = sourcecode.swift; path = OpenAICodexProvider.swift; sourceTree = "<group>"; };
		3B21F14A4DE004C4BC6248B2 /* JavaScriptCorePluginLoader.swift */ = {isa = PBXFileReference; lastKnownFileType = sourcecode.swift; path = JavaScriptCorePluginLoader.swift; sourceTree = "<group>"; };
		3D840D2EA9136B089B1E2903 /* FileSystemPlugin.swift */ = {isa = PBXFileReference; lastKnownFileType = sourcecode.swift; path = FileSystemPlugin.swift; sourceTree = "<group>"; };
		3F8C8F50D0B29A8A7443C454 /* SettingsStore.swift */ = {isa = PBXFileReference; lastKnownFileType = sourcecode.swift; path = SettingsStore.swift; sourceTree = "<group>"; };
		440A37F7E09FA9A23C5758FB /* OpenAICompatibleProvider.swift */ = {isa = PBXFileReference; lastKnownFileType = sourcecode.swift; path = OpenAICompatibleProvider.swift; sourceTree = "<group>"; };
		48053902E27A9A12DCC0ADE3 /* GeminiProvider.swift */ = {isa = PBXFileReference; lastKnownFileType = sourcecode.swift; path = GeminiProvider.swift; sourceTree = "<group>"; };
		4DC0848F789894EADCC4F3EC /* MarkdownParser.swift */ = {isa = PBXFileReference; lastKnownFileType = sourcecode.swift; path = MarkdownParser.swift; sourceTree = "<group>"; };
		4F11B4745E5C93970BAB0EA7 /* CheckoutStrategy.swift */ = {isa = PBXFileReference; lastKnownFileType = sourcecode.swift; path = CheckoutStrategy.swift; sourceTree = "<group>"; };
		538FEDAA63DF405FF22CE701 /* Diffs.swift */ = {isa = PBXFileReference; lastKnownFileType = sourcecode.swift; path = Diffs.swift; sourceTree = "<group>"; };
		5552AFC87E5FCBAE9ACE1C4A /* ModelPickerView.swift */ = {isa = PBXFileReference; lastKnownFileType = sourcecode.swift; path = ModelPickerView.swift; sourceTree = "<group>"; };
		67240B30469D6484EEF2634F /* Credentials.swift */ = {isa = PBXFileReference; lastKnownFileType = sourcecode.swift; path = Credentials.swift; sourceTree = "<group>"; };
		68CE6C1174A8CE1BE36D82DC /* CopilotProvider.swift */ = {isa = PBXFileReference; lastKnownFileType = sourcecode.swift; path = CopilotProvider.swift; sourceTree = "<group>"; };
		6BCA1ABF6355F286581ED29D /* InlineMarkdownText.swift */ = {isa = PBXFileReference; lastKnownFileType = sourcecode.swift; path = InlineMarkdownText.swift; sourceTree = "<group>"; };
		6E2CF0071C7693B6CD6264B4 /* CommitIterator.swift */ = {isa = PBXFileReference; lastKnownFileType = sourcecode.swift; path = CommitIterator.swift; sourceTree = "<group>"; };
		6F9FAE980CC6C7D80EA66144 /* KeychainHelper.swift */ = {isa = PBXFileReference; lastKnownFileType = sourcecode.swift; path = KeychainHelper.swift; sourceTree = "<group>"; };
		73E1C308EAC55AC71B9FE65D /* ContentView.swift */ = {isa = PBXFileReference; lastKnownFileType = sourcecode.swift; path = ContentView.swift; sourceTree = "<group>"; };
		7717B3F4A99386637471F3CE /* Objects.swift */ = {isa = PBXFileReference; lastKnownFileType = sourcecode.swift; path = Objects.swift; sourceTree = "<group>"; };
		7889ED90D905FCAACE8C8B63 /* ModelsDev.swift */ = {isa = PBXFileReference; lastKnownFileType = sourcecode.swift; path = ModelsDev.swift; sourceTree = "<group>"; };
		78FE0F4446B914463ED0FC30 /* ProviderTransform.swift */ = {isa = PBXFileReference; lastKnownFileType = sourcecode.swift; path = ProviderTransform.swift; sourceTree = "<group>"; };
		7FD38A96474027CB84715BBB /* ChatModelsTests.swift */ = {isa = PBXFileReference; lastKnownFileType = sourcecode.swift; path = ChatModelsTests.swift; sourceTree = "<group>"; };
		80321460D59EA7CCC12B17C1 /* Conversation.swift */ = {isa = PBXFileReference; lastKnownFileType = sourcecode.swift; path = Conversation.swift; sourceTree = "<group>"; };
		85E7A0731D3332AC0E687019 /* LLMProvider.swift */ = {isa = PBXFileReference; lastKnownFileType = sourcecode.swift; path = LLMProvider.swift; sourceTree = "<group>"; };
		86E94735DB084C36F9B3178D /* ToolCallStatusTests.swift */ = {isa = PBXFileReference; lastKnownFileType = sourcecode.swift; path = ToolCallStatusTests.swift; sourceTree = "<group>"; };
		87F036A16CF5AE6B700305D3 /* CExtPluginManager.swift */ = {isa = PBXFileReference; lastKnownFileType = sourcecode.swift; path = CExtPluginManager.swift; sourceTree = "<group>"; };
		8A7952ABDE829166129173B6 /* AnthropicCompatibleProvider.swift */ = {isa = PBXFileReference; lastKnownFileType = sourcecode.swift; path = AnthropicCompatibleProvider.swift; sourceTree = "<group>"; };
		96FBE408B7A6CF04BC50D1A0 /* PluginSystem.swift */ = {isa = PBXFileReference; lastKnownFileType = sourcecode.swift; path = PluginSystem.swift; sourceTree = "<group>"; };
		9A517FDA19A91D5B107BCC47 /* ModelTagsView.swift */ = {isa = PBXFileReference; lastKnownFileType = sourcecode.swift; path = ModelTagsView.swift; sourceTree = "<group>"; };
		9AC5C1840FB744B51475DEFD /* Clibgit2.xcframework */ = {isa = PBXFileReference; lastKnownFileType = wrapper.xcframework; name = Clibgit2.xcframework; path = CopilotChat/Clibgit2.xcframework; sourceTree = "<group>"; };
		9DBB39AB40216F734E2CA921 /* CExtPluginsView.swift */ = {isa = PBXFileReference; lastKnownFileType = sourcecode.swift; path = CExtPluginsView.swift; sourceTree = "<group>"; };
		9FE7490261874DF05CB228CF /* ProviderRegistry.swift */ = {isa = PBXFileReference; lastKnownFileType = sourcecode.swift; path = ProviderRegistry.swift; sourceTree = "<group>"; };
		A349FCA895BE3F90E15E9FC2 /* OID.swift */ = {isa = PBXFileReference; lastKnownFileType = sourcecode.swift; path = OID.swift; sourceTree = "<group>"; };
		A7B782DFE064DC7FD97C4A83 /* Assets.xcassets */ = {isa = PBXFileReference; lastKnownFileType = folder.assetcatalog; path = Assets.xcassets; sourceTree = "<group>"; };
		A877976EB8149831636E8E06 /* CopilotChatApp.swift */ = {isa = PBXFileReference; lastKnownFileType = sourcecode.swift; path = CopilotChatApp.swift; sourceTree = "<group>"; };
		B0940E2105768196D8EDEAA4 /* Repository.swift */ = {isa = PBXFileReference; lastKnownFileType = sourcecode.swift; path = Repository.swift; sourceTree = "<group>"; };
		B227DEC32A2814C3394FAE76 /* SSEParser.swift */ = {isa = PBXFileReference; lastKnownFileType = sourcecode.swift; path = SSEParser.swift; sourceTree = "<group>"; };
		B2ABD5318D1C1FEAD11AFD93 /* CopilotChat.app */ = {isa = PBXFileReference; includeInIndex = 0; lastKnownFileType = wrapper.application; path = CopilotChat.app; sourceTree = BUILT_PRODUCTS_DIR; };
		B60890F12915084AD112F001 /* TaskPlugin.swift */ = {isa = PBXFileReference; lastKnownFileType = sourcecode.swift; path = TaskPlugin.swift; sourceTree = "<group>"; };
		B7156A2F3FCF640CE82D1D4D /* ConversationStore.swift */ = {isa = PBXFileReference; lastKnownFileType = sourcecode.swift; path = ConversationStore.swift; sourceTree = "<group>"; };
		B96E5A9BE12959957495FCCA /* MessageView.swift */ = {isa = PBXFileReference; lastKnownFileType = sourcecode.swift; path = MessageView.swift; sourceTree = "<group>"; };
		BA03BAA5F84B352A026DF189 /* Remotes.swift */ = {isa = PBXFileReference; lastKnownFileType = sourcecode.swift; path = Remotes.swift; sourceTree = "<group>"; };
		BB3BB21C2425B2EC03EF63DA /* AuthManager.swift */ = {isa = PBXFileReference; lastKnownFileType = sourcecode.swift; path = AuthManager.swift; sourceTree = "<group>"; };
		BC320742E69744CF3BEC9972 /* APIMessageEncodingTests.swift */ = {isa = PBXFileReference; lastKnownFileType = sourcecode.swift; path = APIMessageEncodingTests.swift; sourceTree = "<group>"; };
		BF1BB49A887E060D095005E8 /* References.swift */ = {isa = PBXFileReference; lastKnownFileType = sourcecode.swift; path = References.swift; sourceTree = "<group>"; };
		C2B7AC6BD497F71C56B82001 /* SettingsView.swift */ = {isa = PBXFileReference; lastKnownFileType = sourcecode.swift; path = SettingsView.swift; sourceTree = "<group>"; };
		C62A4EE563BA063727BD3358 /* Pointers.swift */ = {isa = PBXFileReference; lastKnownFileType = sourcecode.swift; path = Pointers.swift; sourceTree = "<group>"; };
		CEEA87281A47EA22159BFB8A /* ReviewMode.swift */ = {isa = PBXFileReference; lastKnownFileType = sourcecode.swift; path = ReviewMode.swift; sourceTree = "<group>"; };
		D3D53A8C8EF2A56D9D60B5EE /* GitHubPlugin.swift */ = {isa = PBXFileReference; lastKnownFileType = sourcecode.swift; path = GitHubPlugin.swift; sourceTree = "<group>"; };
		D4D6D250CD46F217D156DA5E /* CopilotService.swift */ = {isa = PBXFileReference; lastKnownFileType = sourcecode.swift; path = CopilotService.swift; sourceTree = "<group>"; };
		DAEE40518E4F65DA4E50E674 /* MCPSettingsView.swift */ = {isa = PBXFileReference; lastKnownFileType = sourcecode.swift; path = MCPSettingsView.swift; sourceTree = "<group>"; };
		E183CCC2F4AE46B701DD0536 /* Libgit2.swift */ = {isa = PBXFileReference; lastKnownFileType = sourcecode.swift; path = Libgit2.swift; sourceTree = "<group>"; };
		E56B5E40897A32B6ECAA3C45 /* TaskSessionTracker.swift */ = {isa = PBXFileReference; lastKnownFileType = sourcecode.swift; path = TaskSessionTracker.swift; sourceTree = "<group>"; };
		E727D66DA592BDBB40BFE139 /* MarkdownParserTests.swift */ = {isa = PBXFileReference; lastKnownFileType = sourcecode.swift; path = MarkdownParserTests.swift; sourceTree = "<group>"; };
		EDE8D6B39D4CE3CC02F64DC5 /* ChatView.swift */ = {isa = PBXFileReference; lastKnownFileType = sourcecode.swift; path = ChatView.swift; sourceTree = "<group>"; };
		F10C45584AE57D7B8B18535A /* Errors.swift */ = {isa = PBXFileReference; lastKnownFileType = sourcecode.swift; path = Errors.swift; sourceTree = "<group>"; };
		F16905024963E4B56A1A1AD6 /* AugmentProvider.swift */ = {isa = PBXFileReference; lastKnownFileType = sourcecode.swift; path = AugmentProvider.swift; sourceTree = "<group>"; };
		FA9F69842DB8F0CFA801E58B /* CodexPlugin.swift */ = {isa = PBXFileReference; lastKnownFileType = sourcecode.swift; path = CodexPlugin.swift; sourceTree = "<group>"; };
/* End PBXFileReference section */

/* Begin PBXFrameworksBuildPhase section */
		842227B0242FCCF1F4119F61 /* Frameworks */ = {
			isa = PBXFrameworksBuildPhase;
			buildActionMask = 2147483647;
			files = (
				D65AF1D9753361A5FB690673 /* Clibgit2.xcframework in Frameworks */,
			);
			runOnlyForDeploymentPostprocessing = 0;
		};
/* End PBXFrameworksBuildPhase section */

/* Begin PBXGroup section */
		12F4A27B9A5B53598863A0FA /* Models */ = {
			isa = PBXGroup;
			children = (
				BB3BB21C2425B2EC03EF63DA /* AuthManager.swift */,
				1779C9901FB3A2DA63DE4C80 /* CExtPlugin.swift */,
				87F036A16CF5AE6B700305D3 /* CExtPluginManager.swift */,
				16DB1EC5909ACF0B5B392F63 /* ChatModels.swift */,
				FA9F69842DB8F0CFA801E58B /* CodexPlugin.swift */,
				80321460D59EA7CCC12B17C1 /* Conversation.swift */,
				B7156A2F3FCF640CE82D1D4D /* ConversationStore.swift */,
				D4D6D250CD46F217D156DA5E /* CopilotService.swift */,
				3D840D2EA9136B089B1E2903 /* FileSystemPlugin.swift */,
				D3D53A8C8EF2A56D9D60B5EE /* GitHubPlugin.swift */,
				3B21F14A4DE004C4BC6248B2 /* JavaScriptCorePluginLoader.swift */,
				4DC0848F789894EADCC4F3EC /* MarkdownParser.swift */,
				0360B8A2EA009CB9636C0D4D /* MCPClient.swift */,
				96FBE408B7A6CF04BC50D1A0 /* PluginSystem.swift */,
				CEEA87281A47EA22159BFB8A /* ReviewMode.swift */,
				3F8C8F50D0B29A8A7443C454 /* SettingsStore.swift */,
				B60890F12915084AD112F001 /* TaskPlugin.swift */,
				E56B5E40897A32B6ECAA3C45 /* TaskSessionTracker.swift */,
				2B5F057E1594CDDB8C4D0293 /* WebFetchService.swift */,
				A0488BA878EF9BCF77D7FA04 /* SwiftGit */,
			);
			path = Models;
			sourceTree = "<group>";
		};
		33350B4628AD5990F3764401 /* Products */ = {
			isa = PBXGroup;
			children = (
				B2ABD5318D1C1FEAD11AFD93 /* CopilotChat.app */,
				1F8D008BBFD2D4C734E8D385 /* CopilotChatTests.xctest */,
			);
			name = Products;
			sourceTree = "<group>";
		};
		4C7EBE1F4AB1856589D3B840 /* Providers */ = {
			isa = PBXGroup;
			children = (
				8A7952ABDE829166129173B6 /* AnthropicCompatibleProvider.swift */,
				F16905024963E4B56A1A1AD6 /* AugmentProvider.swift */,
				68CE6C1174A8CE1BE36D82DC /* CopilotProvider.swift */,
				48053902E27A9A12DCC0ADE3 /* GeminiProvider.swift */,
				85E7A0731D3332AC0E687019 /* LLMProvider.swift */,
				7889ED90D905FCAACE8C8B63 /* ModelsDev.swift */,
				37F4264FC897CA031C3160B9 /* OpenAICodexProvider.swift */,
				440A37F7E09FA9A23C5758FB /* OpenAICompatibleProvider.swift */,
				9FE7490261874DF05CB228CF /* ProviderRegistry.swift */,
				78FE0F4446B914463ED0FC30 /* ProviderTransform.swift */,
				B227DEC32A2814C3394FAE76 /* SSEParser.swift */,
			);
			path = Providers;
			sourceTree = "<group>";
		};
		7B4B25C6920E9B9B6EA6A8BF /* Utilities */ = {
			isa = PBXGroup;
			children = (
				6F9FAE980CC6C7D80EA66144 /* KeychainHelper.swift */,
			);
			path = Utilities;
			sourceTree = "<group>";
		};
		A0488BA878EF9BCF77D7FA04 /* SwiftGit */ = {
			isa = PBXGroup;
			children = (
				4F11B4745E5C93970BAB0EA7 /* CheckoutStrategy.swift */,
				6E2CF0071C7693B6CD6264B4 /* CommitIterator.swift */,
				67240B30469D6484EEF2634F /* Credentials.swift */,
				538FEDAA63DF405FF22CE701 /* Diffs.swift */,
				F10C45584AE57D7B8B18535A /* Errors.swift */,
				E183CCC2F4AE46B701DD0536 /* Libgit2.swift */,
				7717B3F4A99386637471F3CE /* Objects.swift */,
				A349FCA895BE3F90E15E9FC2 /* OID.swift */,
				C62A4EE563BA063727BD3358 /* Pointers.swift */,
				BF1BB49A887E060D095005E8 /* References.swift */,
				BA03BAA5F84B352A026DF189 /* Remotes.swift */,
				B0940E2105768196D8EDEAA4 /* Repository.swift */,
			);
			path = SwiftGit;
			sourceTree = "<group>";
		};
		C0CF587F64157CB4D3B94B65 /* Frameworks */ = {
			isa = PBXGroup;
			children = (
				9AC5C1840FB744B51475DEFD /* Clibgit2.xcframework */,
			);
			name = Frameworks;
			sourceTree = "<group>";
		};
		C7AF1669854E8386BEC8070A /* CopilotChatTests */ = {
			isa = PBXGroup;
			children = (
				BC320742E69744CF3BEC9972 /* APIMessageEncodingTests.swift */,
				0E27429D563A6EF3071A17A0 /* BuildAPIMessagesTests.swift */,
				7FD38A96474027CB84715BBB /* ChatModelsTests.swift */,
				E727D66DA592BDBB40BFE139 /* MarkdownParserTests.swift */,
				86E94735DB084C36F9B3178D /* ToolCallStatusTests.swift */,
			);
			path = CopilotChatTests;
			sourceTree = "<group>";
		};
		CFBEBB76DC310AB75CC33130 /* CopilotChat */ = {
			isa = PBXGroup;
			children = (
				A7B782DFE064DC7FD97C4A83 /* Assets.xcassets */,
				73E1C308EAC55AC71B9FE65D /* ContentView.swift */,
				0E94D5F865D2408864A2AF3C /* CopilotChat.entitlements */,
				A877976EB8149831636E8E06 /* CopilotChatApp.swift */,
				0E4C54DF2D9B605822055885 /* DesignSystem.swift */,
				ECCDEEBAA676A10076B4015C /* Agents */,
				12F4A27B9A5B53598863A0FA /* Models */,
				4C7EBE1F4AB1856589D3B840 /* Providers */,
				7B4B25C6920E9B9B6EA6A8BF /* Utilities */,
				E99E2D1BA21056BF6E532C09 /* Views */,
			);
			path = CopilotChat;
			sourceTree = "<group>";
		};
		E99E2D1BA21056BF6E532C09 /* Views */ = {
			isa = PBXGroup;
			children = (
				9DBB39AB40216F734E2CA921 /* CExtPluginsView.swift */,
				EDE8D6B39D4CE3CC02F64DC5 /* ChatView.swift */,
				095D95CCFBFE3A4CB52AED3A /* ConversationHistoryView.swift */,
				6BCA1ABF6355F286581ED29D /* InlineMarkdownText.swift */,
				209BCAEE6572124412782E61 /* MarkdownView.swift */,
				DAEE40518E4F65DA4E50E674 /* MCPSettingsView.swift */,
				B96E5A9BE12959957495FCCA /* MessageView.swift */,
				5552AFC87E5FCBAE9ACE1C4A /* ModelPickerView.swift */,
				9A517FDA19A91D5B107BCC47 /* ModelTagsView.swift */,
				C2B7AC6BD497F71C56B82001 /* SettingsView.swift */,
				09664D58BE3F84345305EEDF /* TaskMessageView.swift */,
				1A087A7775242FEFB3318278 /* WorkspaceSelectorView.swift */,
			);
			path = Views;
			sourceTree = "<group>";
		};
		ECCDEEBAA676A10076B4015C /* Agents */ = {
			isa = PBXGroup;
			children = (
				10F4C84C35E01FB46BEE9B08 /* AgentConfig.swift */,
			);
			path = Agents;
			sourceTree = "<group>";
		};
		FDC7BAA69FF0273BD4A68BEF = {
			isa = PBXGroup;
			children = (
				CFBEBB76DC310AB75CC33130 /* CopilotChat */,
				C7AF1669854E8386BEC8070A /* CopilotChatTests */,
				C0CF587F64157CB4D3B94B65 /* Frameworks */,
				33350B4628AD5990F3764401 /* Products */,
			);
			sourceTree = "<group>";
		};
		"TEMP_C389A6F3-46DF-4200-B68C-07D43B541C50" /* Theme */ = {
			isa = PBXGroup;
			children = (
			);
			path = Theme;
			sourceTree = "<group>";
		};
/* End PBXGroup section */

/* Begin PBXNativeTarget section */
		725090D1D39FE54630979995 /* CopilotChat */ = {
			isa = PBXNativeTarget;
			buildConfigurationList = 92B1E8432B436359366BED3C /* Build configuration list for PBXNativeTarget "CopilotChat" */;
			buildPhases = (
				D8A1E965BD57A8D31403D5A4 /* Sources */,
				589925B7AD802BB9D59A7AAB /* Resources */,
				842227B0242FCCF1F4119F61 /* Frameworks */,
			);
			buildRules = (
			);
			dependencies = (
			);
			name = CopilotChat;
			packageProductDependencies = (
			);
			productName = CopilotChat;
			productReference = B2ABD5318D1C1FEAD11AFD93 /* CopilotChat.app */;
			productType = "com.apple.product-type.application";
		};
		9947F2143804FAF57DCC67D2 /* CopilotChatTests */ = {
			isa = PBXNativeTarget;
			buildConfigurationList = 18596DBD9ECAB5AC4D1418C3 /* Build configuration list for PBXNativeTarget "CopilotChatTests" */;
			buildPhases = (
				95965752A1F356F58968E179 /* Sources */,
			);
			buildRules = (
			);
			dependencies = (
				93DB1683F07C58CD24C9F541 /* PBXTargetDependency */,
			);
			name = CopilotChatTests;
			packageProductDependencies = (
			);
			productName = CopilotChatTests;
			productReference = 1F8D008BBFD2D4C734E8D385 /* CopilotChatTests.xctest */;
			productType = "com.apple.product-type.bundle.unit-test";
		};
/* End PBXNativeTarget section */

/* Begin PBXProject section */
		DB271B040BE3207C810189B0 /* Project object */ = {
			isa = PBXProject;
			attributes = {
				BuildIndependentTargetsInParallel = YES;
				LastUpgradeCheck = 2600;
				TargetAttributes = {
					9947F2143804FAF57DCC67D2 = {
						DevelopmentTeam = MW4GWYGX56;
						ProvisioningStyle = Automatic;
					};
				};
			};
			buildConfigurationList = 5F0C1426AA7025ECCF57A75B /* Build configuration list for PBXProject "CopilotChat" */;
			developmentRegion = en;
			hasScannedForEncodings = 0;
			knownRegions = (
				Base,
				en,
			);
			mainGroup = FDC7BAA69FF0273BD4A68BEF;
			minimizedProjectReferenceProxies = 1;
			preferredProjectObjectVersion = 77;
			productRefGroup = 33350B4628AD5990F3764401 /* Products */;
			projectDirPath = "";
			projectRoot = "";
			targets = (
				725090D1D39FE54630979995 /* CopilotChat */,
				9947F2143804FAF57DCC67D2 /* CopilotChatTests */,
			);
		};
/* End PBXProject section */

/* Begin PBXResourcesBuildPhase section */
		589925B7AD802BB9D59A7AAB /* Resources */ = {
			isa = PBXResourcesBuildPhase;
			buildActionMask = 2147483647;
			files = (
				7ABC55784E0EBBF9AFFB150B /* Assets.xcassets in Resources */,
			);
			runOnlyForDeploymentPostprocessing = 0;
		};
/* End PBXResourcesBuildPhase section */

/* Begin PBXSourcesBuildPhase section */
		95965752A1F356F58968E179 /* Sources */ = {
			isa = PBXSourcesBuildPhase;
			buildActionMask = 2147483647;
			files = (
				157BFBF72A2B850E6A5D832E /* APIMessageEncodingTests.swift in Sources */,
				7B21943225C6E8C7382E9DC4 /* BuildAPIMessagesTests.swift in Sources */,
				950435E7A28E106814422C1A /* ChatModelsTests.swift in Sources */,
				9594396D7C49C3E8523AA1DC /* MarkdownParserTests.swift in Sources */,
				D631677E396471A006024665 /* ToolCallStatusTests.swift in Sources */,
			);
			runOnlyForDeploymentPostprocessing = 0;
		};
		D8A1E965BD57A8D31403D5A4 /* Sources */ = {
			isa = PBXSourcesBuildPhase;
			buildActionMask = 2147483647;
			files = (
				C0EB0BE2107A048AE2457395 /* AgentConfig.swift in Sources */,
				7428DAB3E58F070AE15DC483 /* AnthropicCompatibleProvider.swift in Sources */,
				6DE0A934AAB7EA289796F680 /* AugmentProvider.swift in Sources */,
				667A6D684FF61468C6F0903C /* AuthManager.swift in Sources */,
				42CA95BDD38E711D68B09C26 /* CExtPlugin.swift in Sources */,
				179D0FFC87BE441AAC14AFFD /* CExtPluginManager.swift in Sources */,
				A9666FCA126D95072BF68F32 /* CExtPluginsView.swift in Sources */,
				F5BCCA22632FE40F5BE33602 /* ChatModels.swift in Sources */,
				618203C783472CF073B70DBA /* ChatView.swift in Sources */,
				2172D58D819B5A91FCB3527F /* CheckoutStrategy.swift in Sources */,
				71CA60AEAD628A8AAF4E3B18 /* CodexPlugin.swift in Sources */,
				7E8EF459F2E1EC13FDC76506 /* CommitIterator.swift in Sources */,
				245E035ACB480E48764C62A4 /* ContentView.swift in Sources */,
				ECF63E50B10ECC6E57BEB873 /* Conversation.swift in Sources */,
				C24AEDC6C6204807C7E4FF35 /* ConversationHistoryView.swift in Sources */,
				2C303CE1B8E56BEAF2FC2AC6 /* ConversationStore.swift in Sources */,
				1D92D9F9B34EBFEE478B0A29 /* CopilotChatApp.swift in Sources */,
				697D8324FDD2F308CDCCE128 /* CopilotProvider.swift in Sources */,
				780C1E6B6A3D696CB6882F87 /* CopilotService.swift in Sources */,
				7F60716EF05D8ECC845214A9 /* Credentials.swift in Sources */,
				5308035D2EF7B4053EEFE38C /* DesignSystem.swift in Sources */,
				BDE2ED665348FE70F1164F8A /* Diffs.swift in Sources */,
				FCCD3159C874432F9A388E2A /* Errors.swift in Sources */,
				1024A26EC417D71BDF9632EE /* FileSystemPlugin.swift in Sources */,
				F7449ACD98E7665F63A6EE36 /* GeminiProvider.swift in Sources */,
				A0085F026C04E57011AACD5E /* GitHubPlugin.swift in Sources */,
				6D7281536891819B22222881 /* InlineMarkdownText.swift in Sources */,
				E5022B4252945F09429065CF /* JavaScriptCorePluginLoader.swift in Sources */,
				82EA680B0A0A23D8DCE40446 /* KeychainHelper.swift in Sources */,
				798090EBA4EE822753024570 /* LLMProvider.swift in Sources */,
				DFBCDAD65923770B0830E4F0 /* Libgit2.swift in Sources */,
				DEB7B83E6DC8A93E721EC21A /* MCPClient.swift in Sources */,
				17E6FDC95EBBCC13F2106A07 /* MCPSettingsView.swift in Sources */,
				FA026C0E877A125F2A4B0B4F /* MarkdownParser.swift in Sources */,
				CE39153358114C150B561007 /* MarkdownView.swift in Sources */,
				B9ABB2CF6F8B94253655D35C /* MessageView.swift in Sources */,
				366FB1F9BC38A7EECD186BA1 /* ModelPickerView.swift in Sources */,
				1F4D2D80A387D2351AA7C3AD /* ModelTagsView.swift in Sources */,
				3A7CBD6D5069979F87F90198 /* ModelsDev.swift in Sources */,
				7A5788E6C0DF6957CE0E190A /* OID.swift in Sources */,
				F1383FDA2BBEFC15D327A766 /* Objects.swift in Sources */,
				E9C20318D8E51809387FC5A7 /* OpenAICodexProvider.swift in Sources */,
				E2D491C5FBE72EB9683252E8 /* OpenAICompatibleProvider.swift in Sources */,
				5F9CD7CB0B08475879A1EF5C /* PluginSystem.swift in Sources */,
				4098B84317D4DD4B68603389 /* Pointers.swift in Sources */,
				DD1D72BC648A6F3F81A1EBB7 /* ProviderRegistry.swift in Sources */,
				EA3C282ACEB8A7A6BFB95642 /* ProviderTransform.swift in Sources */,
				EF83E62B8ED6D8B7D4E656BB /* References.swift in Sources */,
				F962D6714DBDCCF5C4D75661 /* Remotes.swift in Sources */,
				6C543946749F610AEFF911FB /* Repository.swift in Sources */,
				E3CEAAA1D21E395FC02A2BCD /* ReviewMode.swift in Sources */,
				9E7C959C42469CB554361ECD /* SSEParser.swift in Sources */,
				1642E88F49621293AC8EC307 /* SettingsStore.swift in Sources */,
				D1E9BB44D1210C75CD6D0AF9 /* SettingsView.swift in Sources */,
				39B88A87E206620E3EA75C96 /* TaskMessageView.swift in Sources */,
				2C48A6DEC2188C3164DC88A9 /* TaskPlugin.swift in Sources */,
				B2DD56439D17597566AEB528 /* TaskSessionTracker.swift in Sources */,
				03CBBD0AF52DA3259CCA59D2 /* WebFetchService.swift in Sources */,
				1DBD301D1C4E8B5482A3CD64 /* WorkspaceSelectorView.swift in Sources */,
			);
			runOnlyForDeploymentPostprocessing = 0;
		};
/* End PBXSourcesBuildPhase section */

/* Begin PBXTargetDependency section */
		93DB1683F07C58CD24C9F541 /* PBXTargetDependency */ = {
			isa = PBXTargetDependency;
			target = 725090D1D39FE54630979995 /* CopilotChat */;
			targetProxy = 4A6CF1E2429669122F9C5AC3 /* PBXContainerItemProxy */;
		};
/* End PBXTargetDependency section */

/* Begin XCBuildConfiguration section */
		16FFCC00AB02CB322203F13A /* Release */ = {
			isa = XCBuildConfiguration;
			buildSettings = {
				BUNDLE_LOADER = "$(TEST_HOST)";
				CODE_SIGN_STYLE = Automatic;
				DEVELOPMENT_TEAM = MW4GWYGX56;
				LD_RUNPATH_SEARCH_PATHS = (
					"$(inherited)",
					"@executable_path/Frameworks",
					"@loader_path/Frameworks",
				);
				PRODUCT_BUNDLE_IDENTIFIER = com.copilotchat.CopilotChatTests;
				SDKROOT = iphoneos;
				TARGETED_DEVICE_FAMILY = "1,2";
				TEST_HOST = "$(BUILT_PRODUCTS_DIR)/CopilotChat.app/$(BUNDLE_EXECUTABLE_FOLDER_PATH)/CopilotChat";
			};
			name = Release;
		};
		2B744C767050A5B576882B48 /* Debug */ = {
			isa = XCBuildConfiguration;
			buildSettings = {
				BUNDLE_LOADER = "$(TEST_HOST)";
				CODE_SIGN_STYLE = Automatic;
				DEVELOPMENT_TEAM = MW4GWYGX56;
				LD_RUNPATH_SEARCH_PATHS = (
					"$(inherited)",
					"@executable_path/Frameworks",
					"@loader_path/Frameworks",
				);
				PRODUCT_BUNDLE_IDENTIFIER = com.copilotchat.CopilotChatTests;
				SDKROOT = iphoneos;
				TARGETED_DEVICE_FAMILY = "1,2";
				TEST_HOST = "$(BUILT_PRODUCTS_DIR)/CopilotChat.app/$(BUNDLE_EXECUTABLE_FOLDER_PATH)/CopilotChat";
			};
			name = Debug;
		};
		65DED921AA5612624D7BAE70 /* Review */ = {
			isa = XCBuildConfiguration;
			buildSettings = {
				BUNDLE_LOADER = "$(TEST_HOST)";
				CODE_SIGN_STYLE = Automatic;
				DEVELOPMENT_TEAM = MW4GWYGX56;
				LD_RUNPATH_SEARCH_PATHS = (
					"$(inherited)",
					"@executable_path/Frameworks",
					"@loader_path/Frameworks",
				);
				PRODUCT_BUNDLE_IDENTIFIER = com.copilotchat.CopilotChatTests;
				SDKROOT = iphoneos;
				TARGETED_DEVICE_FAMILY = "1,2";
				TEST_HOST = "$(BUILT_PRODUCTS_DIR)/CopilotChat.app/$(BUNDLE_EXECUTABLE_FOLDER_PATH)/CopilotChat";
			};
			name = Review;
		};
		67B5BB3019C60C56EC1078A5 /* Release */ = {
			isa = XCBuildConfiguration;
			buildSettings = {
				ASSETCATALOG_COMPILER_APPICON_NAME = AppIcon;
				CODE_SIGN_ENTITLEMENTS = CopilotChat/CopilotChat.entitlements;
				CODE_SIGN_IDENTITY = "iPhone Developer";
				FRAMEWORK_SEARCH_PATHS = (
					"$(inherited)",
					"\"CopilotChat\"",
				);
				INFOPLIST_FILE = CopilotChat/Clibgit2.xcframework/Info.plist;
				LD_RUNPATH_SEARCH_PATHS = (
					"$(inherited)",
					"@executable_path/Frameworks",
				);
				PRODUCT_BUNDLE_IDENTIFIER = com.copilotchat.CopilotChat;
				SDKROOT = iphoneos;
				TARGETED_DEVICE_FAMILY = "1,2";
			};
			name = Release;
		};
		6AA0F91AC925B84271E673C2 /* Debug */ = {
			isa = XCBuildConfiguration;
			buildSettings = {
				ALWAYS_SEARCH_USER_PATHS = NO;
				CLANG_ANALYZER_NONNULL = YES;
				CLANG_ANALYZER_NUMBER_OBJECT_CONVERSION = YES_AGGRESSIVE;
				CLANG_CXX_LANGUAGE_STANDARD = "gnu++14";
				CLANG_CXX_LIBRARY = "libc++";
				CLANG_ENABLE_MODULES = YES;
				CLANG_ENABLE_OBJC_ARC = YES;
				CLANG_ENABLE_OBJC_WEAK = YES;
				CLANG_WARN_BLOCK_CAPTURE_AUTORELEASING = YES;
				CLANG_WARN_BOOL_CONVERSION = YES;
				CLANG_WARN_COMMA = YES;
				CLANG_WARN_CONSTANT_CONVERSION = YES;
				CLANG_WARN_DEPRECATED_OBJC_IMPLEMENTATIONS = YES;
				CLANG_WARN_DIRECT_OBJC_ISA_USAGE = YES_ERROR;
				CLANG_WARN_DOCUMENTATION_COMMENTS = YES;
				CLANG_WARN_EMPTY_BODY = YES;
				CLANG_WARN_ENUM_CONVERSION = YES;
				CLANG_WARN_INFINITE_RECURSION = YES;
				CLANG_WARN_INT_CONVERSION = YES;
				CLANG_WARN_NON_LITERAL_NULL_CONVERSION = YES;
				CLANG_WARN_OBJC_IMPLICIT_RETAIN_SELF = YES;
				CLANG_WARN_OBJC_LITERAL_CONVERSION = YES;
				CLANG_WARN_OBJC_ROOT_CLASS = YES_ERROR;
				CLANG_WARN_QUOTED_INCLUDE_IN_FRAMEWORK_HEADER = YES;
				CLANG_WARN_RANGE_LOOP_ANALYSIS = YES;
				CLANG_WARN_STRICT_PROTOTYPES = YES;
				CLANG_WARN_SUSPICIOUS_MOVE = YES;
				CLANG_WARN_UNGUARDED_AVAILABILITY = YES_AGGRESSIVE;
				CLANG_WARN_UNREACHABLE_CODE = YES;
				CLANG_WARN__DUPLICATE_METHOD_MATCH = YES;
				COPY_PHASE_STRIP = NO;
				CURRENT_PROJECT_VERSION = 1;
				DEBUG_INFORMATION_FORMAT = dwarf;
				ENABLE_STRICT_OBJC_MSGSEND = YES;
				ENABLE_TESTABILITY = YES;
				GCC_C_LANGUAGE_STANDARD = gnu11;
				GCC_DYNAMIC_NO_PIC = NO;
				GCC_NO_COMMON_BLOCKS = YES;
				GCC_OPTIMIZATION_LEVEL = 0;
				GCC_PREPROCESSOR_DEFINITIONS = (
					"$(inherited)",
					"DEBUG=1",
				);
				GCC_WARN_64_TO_32_BIT_CONVERSION = YES;
				GCC_WARN_ABOUT_RETURN_TYPE = YES_ERROR;
				GCC_WARN_UNDECLARED_SELECTOR = YES;
				GCC_WARN_UNINITIALIZED_AUTOS = YES_AGGRESSIVE;
				GCC_WARN_UNUSED_FUNCTION = YES;
				GCC_WARN_UNUSED_VARIABLE = YES;
				GENERATE_INFOPLIST_FILE = YES;
				INFOPLIST_KEY_CFBundleDisplayName = "Copilot Chat";
				INFOPLIST_KEY_LSApplicationCategoryType = "public.app-category.developer-tools";
				IPHONEOS_DEPLOYMENT_TARGET = 26.0;
				MARKETING_VERSION = 1.0.0;
				MTL_ENABLE_DEBUG_INFO = INCLUDE_SOURCE;
				MTL_FAST_MATH = YES;
				ONLY_ACTIVE_ARCH = YES;
				PRODUCT_NAME = "$(TARGET_NAME)";
				SDKROOT = iphoneos;
				SWIFT_ACTIVE_COMPILATION_CONDITIONS = DEBUG;
				SWIFT_OPTIMIZATION_LEVEL = "-Onone";
				SWIFT_STRICT_CONCURRENCY = complete;
				SWIFT_VERSION = 6.0;
			};
			name = Debug;
		};
		A1969B09835E495252833933 /* Release */ = {
			isa = XCBuildConfiguration;
			buildSettings = {
				ALWAYS_SEARCH_USER_PATHS = NO;
				CLANG_ANALYZER_NONNULL = YES;
				CLANG_ANALYZER_NUMBER_OBJECT_CONVERSION = YES_AGGRESSIVE;
				CLANG_CXX_LANGUAGE_STANDARD = "gnu++14";
				CLANG_CXX_LIBRARY = "libc++";
				CLANG_ENABLE_MODULES = YES;
				CLANG_ENABLE_OBJC_ARC = YES;
				CLANG_ENABLE_OBJC_WEAK = YES;
				CLANG_WARN_BLOCK_CAPTURE_AUTORELEASING = YES;
				CLANG_WARN_BOOL_CONVERSION = YES;
				CLANG_WARN_COMMA = YES;
				CLANG_WARN_CONSTANT_CONVERSION = YES;
				CLANG_WARN_DEPRECATED_OBJC_IMPLEMENTATIONS = YES;
				CLANG_WARN_DIRECT_OBJC_ISA_USAGE = YES_ERROR;
				CLANG_WARN_DOCUMENTATION_COMMENTS = YES;
				CLANG_WARN_EMPTY_BODY = YES;
				CLANG_WARN_ENUM_CONVERSION = YES;
				CLANG_WARN_INFINITE_RECURSION = YES;
				CLANG_WARN_INT_CONVERSION = YES;
				CLANG_WARN_NON_LITERAL_NULL_CONVERSION = YES;
				CLANG_WARN_OBJC_IMPLICIT_RETAIN_SELF = YES;
				CLANG_WARN_OBJC_LITERAL_CONVERSION = YES;
				CLANG_WARN_OBJC_ROOT_CLASS = YES_ERROR;
				CLANG_WARN_QUOTED_INCLUDE_IN_FRAMEWORK_HEADER = YES;
				CLANG_WARN_RANGE_LOOP_ANALYSIS = YES;
				CLANG_WARN_STRICT_PROTOTYPES = YES;
				CLANG_WARN_SUSPICIOUS_MOVE = YES;
				CLANG_WARN_UNGUARDED_AVAILABILITY = YES_AGGRESSIVE;
				CLANG_WARN_UNREACHABLE_CODE = YES;
				CLANG_WARN__DUPLICATE_METHOD_MATCH = YES;
				COPY_PHASE_STRIP = NO;
				CURRENT_PROJECT_VERSION = 1;
				DEBUG_INFORMATION_FORMAT = "dwarf-with-dsym";
				ENABLE_NS_ASSERTIONS = NO;
				ENABLE_STRICT_OBJC_MSGSEND = YES;
				GCC_C_LANGUAGE_STANDARD = gnu11;
				GCC_NO_COMMON_BLOCKS = YES;
				GCC_WARN_64_TO_32_BIT_CONVERSION = YES;
				GCC_WARN_ABOUT_RETURN_TYPE = YES_ERROR;
				GCC_WARN_UNDECLARED_SELECTOR = YES;
				GCC_WARN_UNINITIALIZED_AUTOS = YES_AGGRESSIVE;
				GCC_WARN_UNUSED_FUNCTION = YES;
				GCC_WARN_UNUSED_VARIABLE = YES;
				GENERATE_INFOPLIST_FILE = YES;
				INFOPLIST_KEY_CFBundleDisplayName = "Copilot Chat";
				INFOPLIST_KEY_LSApplicationCategoryType = "public.app-category.developer-tools";
				IPHONEOS_DEPLOYMENT_TARGET = 26.0;
				MARKETING_VERSION = 1.0.0;
				MTL_ENABLE_DEBUG_INFO = NO;
				MTL_FAST_MATH = YES;
				PRODUCT_NAME = "$(TARGET_NAME)";
				SDKROOT = iphoneos;
				SWIFT_COMPILATION_MODE = wholemodule;
				SWIFT_OPTIMIZATION_LEVEL = "-O";
				SWIFT_STRICT_CONCURRENCY = complete;
				SWIFT_VERSION = 6.0;
			};
			name = Release;
		};
		AD0CFC9ABD5F11F8AD0FFB26 /* Debug */ = {
			isa = XCBuildConfiguration;
			buildSettings = {
				ASSETCATALOG_COMPILER_APPICON_NAME = AppIcon;
				CODE_SIGN_ENTITLEMENTS = CopilotChat/CopilotChat.entitlements;
				CODE_SIGN_IDENTITY = "iPhone Developer";
				FRAMEWORK_SEARCH_PATHS = (
					"$(inherited)",
					"\"CopilotChat\"",
				);
				INFOPLIST_FILE = CopilotChat/Clibgit2.xcframework/Info.plist;
				LD_RUNPATH_SEARCH_PATHS = (
					"$(inherited)",
					"@executable_path/Frameworks",
				);
				PRODUCT_BUNDLE_IDENTIFIER = com.copilotchat.CopilotChat;
				SDKROOT = iphoneos;
				TARGETED_DEVICE_FAMILY = "1,2";
			};
			name = Debug;
		};
		CEBF54B20203E3C18E8EF36F /* Review */ = {
			isa = XCBuildConfiguration;
			buildSettings = {
				ASSETCATALOG_COMPILER_APPICON_NAME = AppIcon;
				CODE_SIGN_ENTITLEMENTS = CopilotChat/CopilotChat.entitlements;
				CODE_SIGN_IDENTITY = "iPhone Developer";
				FRAMEWORK_SEARCH_PATHS = (
					"$(inherited)",
					"\"CopilotChat\"",
				);
				INFOPLIST_FILE = CopilotChat/Clibgit2.xcframework/Info.plist;
				LD_RUNPATH_SEARCH_PATHS = (
					"$(inherited)",
					"@executable_path/Frameworks",
				);
				PRODUCT_BUNDLE_IDENTIFIER = com.copilotchat.CopilotChat;
				SDKROOT = iphoneos;
				SWIFT_ACTIVE_COMPILATION_CONDITIONS = "$(inherited) REVIEW";
				TARGETED_DEVICE_FAMILY = "1,2";
			};
			name = Review;
		};
		F008E4F5B35D99C4A3EA3DD2 /* Review */ = {
			isa = XCBuildConfiguration;
			buildSettings = {
				ALWAYS_SEARCH_USER_PATHS = NO;
				CLANG_ANALYZER_NONNULL = YES;
				CLANG_ANALYZER_NUMBER_OBJECT_CONVERSION = YES_AGGRESSIVE;
				CLANG_CXX_LANGUAGE_STANDARD = "gnu++14";
				CLANG_CXX_LIBRARY = "libc++";
				CLANG_ENABLE_MODULES = YES;
				CLANG_ENABLE_OBJC_ARC = YES;
				CLANG_ENABLE_OBJC_WEAK = YES;
				CLANG_WARN_BLOCK_CAPTURE_AUTORELEASING = YES;
				CLANG_WARN_BOOL_CONVERSION = YES;
				CLANG_WARN_COMMA = YES;
				CLANG_WARN_CONSTANT_CONVERSION = YES;
				CLANG_WARN_DEPRECATED_OBJC_IMPLEMENTATIONS = YES;
				CLANG_WARN_DIRECT_OBJC_ISA_USAGE = YES_ERROR;
				CLANG_WARN_DOCUMENTATION_COMMENTS = YES;
				CLANG_WARN_EMPTY_BODY = YES;
				CLANG_WARN_ENUM_CONVERSION = YES;
				CLANG_WARN_INFINITE_RECURSION = YES;
				CLANG_WARN_INT_CONVERSION = YES;
				CLANG_WARN_NON_LITERAL_NULL_CONVERSION = YES;
				CLANG_WARN_OBJC_IMPLICIT_RETAIN_SELF = YES;
				CLANG_WARN_OBJC_LITERAL_CONVERSION = YES;
				CLANG_WARN_OBJC_ROOT_CLASS = YES_ERROR;
				CLANG_WARN_QUOTED_INCLUDE_IN_FRAMEWORK_HEADER = YES;
				CLANG_WARN_RANGE_LOOP_ANALYSIS = YES;
				CLANG_WARN_STRICT_PROTOTYPES = YES;
				CLANG_WARN_SUSPICIOUS_MOVE = YES;
				CLANG_WARN_UNGUARDED_AVAILABILITY = YES_AGGRESSIVE;
				CLANG_WARN_UNREACHABLE_CODE = YES;
				CLANG_WARN__DUPLICATE_METHOD_MATCH = YES;
				COPY_PHASE_STRIP = NO;
				CURRENT_PROJECT_VERSION = 1;
				DEBUG_INFORMATION_FORMAT = "dwarf-with-dsym";
				ENABLE_NS_ASSERTIONS = NO;
				ENABLE_STRICT_OBJC_MSGSEND = YES;
				GCC_C_LANGUAGE_STANDARD = gnu11;
				GCC_NO_COMMON_BLOCKS = YES;
				GCC_WARN_64_TO_32_BIT_CONVERSION = YES;
				GCC_WARN_ABOUT_RETURN_TYPE = YES_ERROR;
				GCC_WARN_UNDECLARED_SELECTOR = YES;
				GCC_WARN_UNINITIALIZED_AUTOS = YES_AGGRESSIVE;
				GCC_WARN_UNUSED_FUNCTION = YES;
				GCC_WARN_UNUSED_VARIABLE = YES;
				GENERATE_INFOPLIST_FILE = YES;
				INFOPLIST_KEY_CFBundleDisplayName = "Copilot Chat";
				INFOPLIST_KEY_LSApplicationCategoryType = "public.app-category.developer-tools";
				IPHONEOS_DEPLOYMENT_TARGET = 26.0;
				MARKETING_VERSION = 1.0.0;
				MTL_ENABLE_DEBUG_INFO = NO;
				MTL_FAST_MATH = YES;
				PRODUCT_NAME = "$(TARGET_NAME)";
				SDKROOT = iphoneos;
				SWIFT_COMPILATION_MODE = wholemodule;
				SWIFT_OPTIMIZATION_LEVEL = "-O";
				SWIFT_STRICT_CONCURRENCY = complete;
				SWIFT_VERSION = 6.0;
			};
			name = Review;
		};
/* End XCBuildConfiguration section */

/* Begin XCConfigurationList section */
		18596DBD9ECAB5AC4D1418C3 /* Build configuration list for PBXNativeTarget "CopilotChatTests" */ = {
			isa = XCConfigurationList;
			buildConfigurations = (
				2B744C767050A5B576882B48 /* Debug */,
				16FFCC00AB02CB322203F13A /* Release */,
				65DED921AA5612624D7BAE70 /* Review */,
			);
			defaultConfigurationIsVisible = 0;
			defaultConfigurationName = Release;
		};
		5F0C1426AA7025ECCF57A75B /* Build configuration list for PBXProject "CopilotChat" */ = {
			isa = XCConfigurationList;
			buildConfigurations = (
				6AA0F91AC925B84271E673C2 /* Debug */,
				A1969B09835E495252833933 /* Release */,
				F008E4F5B35D99C4A3EA3DD2 /* Review */,
			);
			defaultConfigurationIsVisible = 0;
			defaultConfigurationName = Release;
		};
		92B1E8432B436359366BED3C /* Build configuration list for PBXNativeTarget "CopilotChat" */ = {
			isa = XCConfigurationList;
			buildConfigurations = (
				AD0CFC9ABD5F11F8AD0FFB26 /* Debug */,
				67B5BB3019C60C56EC1078A5 /* Release */,
				CEBF54B20203E3C18E8EF36F /* Review */,
			);
			defaultConfigurationIsVisible = 0;
			defaultConfigurationName = Release;
		};
/* End XCConfigurationList section */
	};
	rootObject = DB271B040BE3207C810189B0 /* Project object */;
}
